{
  "name": "tripweaver-frontend",
  "version": "0.1.0",
  "lockfileVersion": 2,
  "requires": true,
  "packages": {},
  "dependencies": {
    "next": {
      "version": "14.0.0",
      "resolved": "",
      "integrity": ""
    },
    "react": {
      "version": "18.2.0",
      "resolved": "",
      "integrity": ""
    },
    "react-dom": {
      "version": "18.2.0",
      "resolved": "",
      "integrity": ""
    },
    "lodash": {
      "version": "4.17.15",
      "resolved": "",
      "integrity": ""
    }
  }
}
